
Microsoft Visual Studio Solution File, Format Version 12.00
# Visual Studio Version 17
VisualStudioVersion = 17.2.32526.322
MinimumVisualStudioVersion = 10.0.40219.1
Project("{FAE04EC0-301F-11D3-BF4B-00C04F79EFBC}") = "EtecNews", "EtecNews\EtecNews.csproj", "{005D00D9-A0A6-4136-9030-C6D4CAB433CC}"
EndProject
Global
	GlobalSection(SolutionConfigurationPlatforms) = preSolution
		Debug|Any CPU = Debug|Any CPU
		Release|Any CPU = Release|Any CPU
	EndGlobalSection
	GlobalSection(ProjectConfigurationPlatforms) = postSolution
		{005D00D9-A0A6-4136-9030-C6D4CAB433CC}.Debug|Any CPU.ActiveCfg = Debug|Any CPU
		{005D00D9-A0A6-4136-9030-C6D4CAB433CC}.Debug|Any CPU.Build.0 = Debug|Any CPU
		{005D00D9-A0A6-4136-9030-C6D4CAB433CC}.Release|Any CPU.ActiveCfg = Release|Any CPU
		{005D00D9-A0A6-4136-9030-C6D4CAB433CC}.Release|Any CPU.Build.0 = Release|Any CPU
	EndGlobalSection
	GlobalSection(SolutionProperties) = preSolution
		HideSolutionNode = FALSE
	EndGlobalSection
	GlobalSection(ExtensibilityGlobals) = postSolution
		SolutionGuid = {4C2D1EF2-894C-451B-853D-20A9503319E6}
	EndGlobalSection
EndGlobal
